
Microsoft Visual Studio Solution File, Format Version 12.00
# Visual Studio Version 17
VisualStudioVersion = 17.3.32929.385
MinimumVisualStudioVersion = 10.0.40219.1
Project("{FAE04EC0-301F-11D3-BF4B-00C04F79EFBC}") = "AdventOfCode2022", "AdventOfCode2022\AdventOfCode2022.csproj", "{F7893F01-E46E-4E70-87C0-99CFCB6CBBC0}"
EndProject
Project("{FAE04EC0-301F-11D3-BF4B-00C04F79EFBC}") = "AdventOfCode2022.Tests", "AdventOfCode2022.Tests\AdventOfCode2022.Tests.csproj", "{DD440CC3-0037-4ACA-86E3-20CC0D58C18A}"
EndProject
Global
	GlobalSection(SolutionConfigurationPlatforms) = preSolution
		Debug|Any CPU = Debug|Any CPU
		Release|Any CPU = Release|Any CPU
	EndGlobalSection
	GlobalSection(ProjectConfigurationPlatforms) = postSolution
		{F7893F01-E46E-4E70-87C0-99CFCB6CBBC0}.Debug|Any CPU.ActiveCfg = Debug|Any CPU
		{F7893F01-E46E-4E70-87C0-99CFCB6CBBC0}.Debug|Any CPU.Build.0 = Debug|Any CPU
		{F7893F01-E46E-4E70-87C0-99CFCB6CBBC0}.Release|Any CPU.ActiveCfg = Release|Any CPU
		{F7893F01-E46E-4E70-87C0-99CFCB6CBBC0}.Release|Any CPU.Build.0 = Release|Any CPU
		{DD440CC3-0037-4ACA-86E3-20CC0D58C18A}.Debug|Any CPU.ActiveCfg = Debug|Any CPU
		{DD440CC3-0037-4ACA-86E3-20CC0D58C18A}.Debug|Any CPU.Build.0 = Debug|Any CPU
		{DD440CC3-0037-4ACA-86E3-20CC0D58C18A}.Release|Any CPU.ActiveCfg = Release|Any CPU
		{DD440CC3-0037-4ACA-86E3-20CC0D58C18A}.Release|Any CPU.Build.0 = Release|Any CPU
	EndGlobalSection
	GlobalSection(SolutionProperties) = preSolution
		HideSolutionNode = FALSE
	EndGlobalSection
	GlobalSection(ExtensibilityGlobals) = postSolution
		SolutionGuid = {BEF56017-12B9-41F3-A7F8-558CB7FDF339}
	EndGlobalSection
EndGlobal
